
Microsoft Visual Studio Solution File, Format Version 12.00
# Visual Studio Version 17
VisualStudioVersion = 17.5.33530.505
MinimumVisualStudioVersion = 10.0.40219.1
Project("{2150E333-8FDC-42A3-9474-1A3956D46DE8}") = "Doc", "Doc", "{FCE46180-4D6B-42CE-BF82-7CC165184248}"
EndProject
Project("{2150E333-8FDC-42A3-9474-1A3956D46DE8}") = "App", "App", "{881FD982-4128-4D95-9294-DA0F32DF6A75}"
EndProject
Project("{2150E333-8FDC-42A3-9474-1A3956D46DE8}") = "Batch", "Batch", "{2568EC9E-8E2A-43CD-9EE9-249A8C7210C0}"
EndProject
Project("{2150E333-8FDC-42A3-9474-1A3956D46DE8}") = "App", "App", "{355F0903-8C44-4700-BFBE-59E063BC0A94}"
EndProject
Project("{2150E333-8FDC-42A3-9474-1A3956D46DE8}") = "lib", "lib", "{7BEB5AA8-BC05-4E34-8499-230E0F632FB7}"
EndProject
Project("{9A19103F-16F7-4668-BE54-9A1E7A4F7556}") = "B0001", "App\Batch\B0001\B0001.csproj", "{99BE90BC-7743-4A29-BB76-2BFB1CA58BA4}"
EndProject
Project("{2150E333-8FDC-42A3-9474-1A3956D46DE8}") = "Memo", "Memo", "{5767B035-7BAD-4174-A4A3-729E104807E3}"
	ProjectSection(SolutionItems) = preProject
		Create文.txt = Create文.txt
		Doc\Memo\スキャフォールド.txt = Doc\Memo\スキャフォールド.txt
	EndProjectSection
EndProject
Project("{9A19103F-16F7-4668-BE54-9A1E7A4F7556}") = "BLayer", "Lib\BLayer\BLayer.csproj", "{CF99E2FC-980C-4FCE-8EF9-B7EB8B4FAEAC}"
EndProject
Project("{9A19103F-16F7-4668-BE54-9A1E7A4F7556}") = "Common", "Lib\Common\Common.csproj", "{3685C5D7-D735-4566-8B93-135122E10FCF}"
EndProject
Project("{9A19103F-16F7-4668-BE54-9A1E7A4F7556}") = "DLayer", "Lib\DLayer\DLayer.csproj", "{7F28F85A-A5EC-4F40-9418-1FBFD3247F83}"
EndProject
Project("{9A19103F-16F7-4668-BE54-9A1E7A4F7556}") = "FLayer", "Lib\FLayer\FLayer.csproj", "{44160924-9533-42FD-824F-1D2C49B5D6D5}"
EndProject
Project("{9A19103F-16F7-4668-BE54-9A1E7A4F7556}") = "Interfaces", "Lib\Interfaces\Interfaces.csproj", "{8B273B0A-A886-4A11-9B0F-288D052BAE86}"
EndProject
Project("{9A19103F-16F7-4668-BE54-9A1E7A4F7556}") = "PullPush", "PullPush\PullPush.csproj", "{229E5D60-6B0A-4EA5-98BC-298B3204842F}"
EndProject
Project("{9A19103F-16F7-4668-BE54-9A1E7A4F7556}") = "B0002", "B0002\B0002.csproj", "{28717A1B-A2B8-47D5-A056-7AD0E199E769}"
EndProject
Project("{FAE04EC0-301F-11D3-BF4B-00C04F79EFBC}") = "B0003", "B0003\B0003.csproj", "{3C26B11B-0EE3-4C43-80A8-87E9AB5D4DE8}"
EndProject
Global
	GlobalSection(SolutionConfigurationPlatforms) = preSolution
		Debug|Any CPU = Debug|Any CPU
		Release|Any CPU = Release|Any CPU
	EndGlobalSection
	GlobalSection(ProjectConfigurationPlatforms) = postSolution
		{99BE90BC-7743-4A29-BB76-2BFB1CA58BA4}.Debug|Any CPU.ActiveCfg = Debug|Any CPU
		{99BE90BC-7743-4A29-BB76-2BFB1CA58BA4}.Debug|Any CPU.Build.0 = Debug|Any CPU
		{99BE90BC-7743-4A29-BB76-2BFB1CA58BA4}.Release|Any CPU.ActiveCfg = Release|Any CPU
		{99BE90BC-7743-4A29-BB76-2BFB1CA58BA4}.Release|Any CPU.Build.0 = Release|Any CPU
		{CF99E2FC-980C-4FCE-8EF9-B7EB8B4FAEAC}.Debug|Any CPU.ActiveCfg = Debug|Any CPU
		{CF99E2FC-980C-4FCE-8EF9-B7EB8B4FAEAC}.Debug|Any CPU.Build.0 = Debug|Any CPU
		{CF99E2FC-980C-4FCE-8EF9-B7EB8B4FAEAC}.Release|Any CPU.ActiveCfg = Release|Any CPU
		{CF99E2FC-980C-4FCE-8EF9-B7EB8B4FAEAC}.Release|Any CPU.Build.0 = Release|Any CPU
		{3685C5D7-D735-4566-8B93-135122E10FCF}.Debug|Any CPU.ActiveCfg = Debug|Any CPU
		{3685C5D7-D735-4566-8B93-135122E10FCF}.Debug|Any CPU.Build.0 = Debug|Any CPU
		{3685C5D7-D735-4566-8B93-135122E10FCF}.Release|Any CPU.ActiveCfg = Release|Any CPU
		{3685C5D7-D735-4566-8B93-135122E10FCF}.Release|Any CPU.Build.0 = Release|Any CPU
		{7F28F85A-A5EC-4F40-9418-1FBFD3247F83}.Debug|Any CPU.ActiveCfg = Debug|Any CPU
		{7F28F85A-A5EC-4F40-9418-1FBFD3247F83}.Debug|Any CPU.Build.0 = Debug|Any CPU
		{7F28F85A-A5EC-4F40-9418-1FBFD3247F83}.Release|Any CPU.ActiveCfg = Release|Any CPU
		{7F28F85A-A5EC-4F40-9418-1FBFD3247F83}.Release|Any CPU.Build.0 = Release|Any CPU
		{44160924-9533-42FD-824F-1D2C49B5D6D5}.Debug|Any CPU.ActiveCfg = Debug|Any CPU
		{44160924-9533-42FD-824F-1D2C49B5D6D5}.Debug|Any CPU.Build.0 = Debug|Any CPU
		{44160924-9533-42FD-824F-1D2C49B5D6D5}.Release|Any CPU.ActiveCfg = Release|Any CPU
		{44160924-9533-42FD-824F-1D2C49B5D6D5}.Release|Any CPU.Build.0 = Release|Any CPU
		{8B273B0A-A886-4A11-9B0F-288D052BAE86}.Debug|Any CPU.ActiveCfg = Debug|Any CPU
		{8B273B0A-A886-4A11-9B0F-288D052BAE86}.Debug|Any CPU.Build.0 = Debug|Any CPU
		{8B273B0A-A886-4A11-9B0F-288D052BAE86}.Release|Any CPU.ActiveCfg = Release|Any CPU
		{8B273B0A-A886-4A11-9B0F-288D052BAE86}.Release|Any CPU.Build.0 = Release|Any CPU
		{229E5D60-6B0A-4EA5-98BC-298B3204842F}.Debug|Any CPU.ActiveCfg = Debug|Any CPU
		{229E5D60-6B0A-4EA5-98BC-298B3204842F}.Debug|Any CPU.Build.0 = Debug|Any CPU
		{229E5D60-6B0A-4EA5-98BC-298B3204842F}.Debug|Any CPU.Deploy.0 = Debug|Any CPU
		{229E5D60-6B0A-4EA5-98BC-298B3204842F}.Release|Any CPU.ActiveCfg = Release|Any CPU
		{229E5D60-6B0A-4EA5-98BC-298B3204842F}.Release|Any CPU.Build.0 = Release|Any CPU
		{229E5D60-6B0A-4EA5-98BC-298B3204842F}.Release|Any CPU.Deploy.0 = Release|Any CPU
		{28717A1B-A2B8-47D5-A056-7AD0E199E769}.Debug|Any CPU.ActiveCfg = Debug|Any CPU
		{28717A1B-A2B8-47D5-A056-7AD0E199E769}.Debug|Any CPU.Build.0 = Debug|Any CPU
		{28717A1B-A2B8-47D5-A056-7AD0E199E769}.Release|Any CPU.ActiveCfg = Release|Any CPU
		{28717A1B-A2B8-47D5-A056-7AD0E199E769}.Release|Any CPU.Build.0 = Release|Any CPU
		{3C26B11B-0EE3-4C43-80A8-87E9AB5D4DE8}.Debug|Any CPU.ActiveCfg = Debug|Any CPU
		{3C26B11B-0EE3-4C43-80A8-87E9AB5D4DE8}.Debug|Any CPU.Build.0 = Debug|Any CPU
		{3C26B11B-0EE3-4C43-80A8-87E9AB5D4DE8}.Release|Any CPU.ActiveCfg = Release|Any CPU
		{3C26B11B-0EE3-4C43-80A8-87E9AB5D4DE8}.Release|Any CPU.Build.0 = Release|Any CPU
	EndGlobalSection
	GlobalSection(SolutionProperties) = preSolution
		HideSolutionNode = FALSE
	EndGlobalSection
	GlobalSection(NestedProjects) = preSolution
		{2568EC9E-8E2A-43CD-9EE9-249A8C7210C0} = {881FD982-4128-4D95-9294-DA0F32DF6A75}
		{355F0903-8C44-4700-BFBE-59E063BC0A94} = {881FD982-4128-4D95-9294-DA0F32DF6A75}
		{99BE90BC-7743-4A29-BB76-2BFB1CA58BA4} = {2568EC9E-8E2A-43CD-9EE9-249A8C7210C0}
		{5767B035-7BAD-4174-A4A3-729E104807E3} = {FCE46180-4D6B-42CE-BF82-7CC165184248}
		{CF99E2FC-980C-4FCE-8EF9-B7EB8B4FAEAC} = {7BEB5AA8-BC05-4E34-8499-230E0F632FB7}
		{3685C5D7-D735-4566-8B93-135122E10FCF} = {7BEB5AA8-BC05-4E34-8499-230E0F632FB7}
		{7F28F85A-A5EC-4F40-9418-1FBFD3247F83} = {7BEB5AA8-BC05-4E34-8499-230E0F632FB7}
		{44160924-9533-42FD-824F-1D2C49B5D6D5} = {7BEB5AA8-BC05-4E34-8499-230E0F632FB7}
		{8B273B0A-A886-4A11-9B0F-288D052BAE86} = {7BEB5AA8-BC05-4E34-8499-230E0F632FB7}
		{229E5D60-6B0A-4EA5-98BC-298B3204842F} = {355F0903-8C44-4700-BFBE-59E063BC0A94}
		{28717A1B-A2B8-47D5-A056-7AD0E199E769} = {2568EC9E-8E2A-43CD-9EE9-249A8C7210C0}
		{3C26B11B-0EE3-4C43-80A8-87E9AB5D4DE8} = {2568EC9E-8E2A-43CD-9EE9-249A8C7210C0}
	EndGlobalSection
	GlobalSection(ExtensibilityGlobals) = postSolution
		SolutionGuid = {46C3579E-6838-4809-9B27-E66856E03005}
	EndGlobalSection
EndGlobal
